
Microsoft Visual Studio Solution File, Format Version 12.00
# Visual Studio Version 16
VisualStudioVersion = 16.0.29613.14
MinimumVisualStudioVersion = 10.0.40219.1
Project("{2150E333-8FDC-42A3-9474-1A3956D46DE8}") = "1 - Presentation", "1 - Presentation", "{3505716F-DDAF-4E8F-AE0E-847193497E71}"
EndProject
Project("{2150E333-8FDC-42A3-9474-1A3956D46DE8}") = "2 - Services", "2 - Services", "{5F981CDE-3B04-41AB-8242-ECE6E19B0463}"
EndProject
Project("{2150E333-8FDC-42A3-9474-1A3956D46DE8}") = "3 - Application", "3 - Application", "{3C5861CC-78A1-4003-A201-DAC7D7AF4DAA}"
EndProject
Project("{2150E333-8FDC-42A3-9474-1A3956D46DE8}") = "4 - Domain", "4 - Domain", "{9385DD12-9C4B-4999-8EC2-0306594BBB4D}"
EndProject
Project("{2150E333-8FDC-42A3-9474-1A3956D46DE8}") = "5 - Infra", "5 - Infra", "{797A2D07-A098-44F0-A49B-844FA218955B}"
EndProject
Project("{9A19103F-16F7-4668-BE54-9A1E7A4F7556}") = "GFut.Services.Api", "src\GFut.Services.Api\GFut.Services.Api.csproj", "{EB2E90D6-CC63-4BCA-B5EA-5C0AD52962D8}"
EndProject
Project("{9A19103F-16F7-4668-BE54-9A1E7A4F7556}") = "GFut.Application", "src\GFut.Application\GFut.Application.csproj", "{E01E7EBC-E6CE-4471-A413-4E908531D069}"
EndProject
Project("{9A19103F-16F7-4668-BE54-9A1E7A4F7556}") = "GFut.Domain", "src\GFut.Domain\GFut.Domain.csproj", "{93F842F4-44AC-4404-9634-D2145AF4DBE5}"
EndProject
Project("{9A19103F-16F7-4668-BE54-9A1E7A4F7556}") = "GFut.Infra.IoC", "src\GFut.Infra.IoC\GFut.Infra.IoC.csproj", "{8E368221-DF4B-4ADC-8A83-5D8CB50BF2FF}"
EndProject
Project("{9A19103F-16F7-4668-BE54-9A1E7A4F7556}") = "GFut.Infra.Data", "src\GFut.Infra\GFut.Infra.Data.csproj", "{18EB8A35-C98B-4F75-897D-23CFB027F1A5}"
EndProject
Global
	GlobalSection(SolutionConfigurationPlatforms) = preSolution
		Debug|Any CPU = Debug|Any CPU
		Release|Any CPU = Release|Any CPU
	EndGlobalSection
	GlobalSection(ProjectConfigurationPlatforms) = postSolution
		{EB2E90D6-CC63-4BCA-B5EA-5C0AD52962D8}.Debug|Any CPU.ActiveCfg = Debug|Any CPU
		{EB2E90D6-CC63-4BCA-B5EA-5C0AD52962D8}.Debug|Any CPU.Build.0 = Debug|Any CPU
		{EB2E90D6-CC63-4BCA-B5EA-5C0AD52962D8}.Release|Any CPU.ActiveCfg = Release|Any CPU
		{EB2E90D6-CC63-4BCA-B5EA-5C0AD52962D8}.Release|Any CPU.Build.0 = Release|Any CPU
		{E01E7EBC-E6CE-4471-A413-4E908531D069}.Debug|Any CPU.ActiveCfg = Debug|Any CPU
		{E01E7EBC-E6CE-4471-A413-4E908531D069}.Debug|Any CPU.Build.0 = Debug|Any CPU
		{E01E7EBC-E6CE-4471-A413-4E908531D069}.Release|Any CPU.ActiveCfg = Release|Any CPU
		{E01E7EBC-E6CE-4471-A413-4E908531D069}.Release|Any CPU.Build.0 = Release|Any CPU
		{93F842F4-44AC-4404-9634-D2145AF4DBE5}.Debug|Any CPU.ActiveCfg = Debug|Any CPU
		{93F842F4-44AC-4404-9634-D2145AF4DBE5}.Debug|Any CPU.Build.0 = Debug|Any CPU
		{93F842F4-44AC-4404-9634-D2145AF4DBE5}.Release|Any CPU.ActiveCfg = Release|Any CPU
		{93F842F4-44AC-4404-9634-D2145AF4DBE5}.Release|Any CPU.Build.0 = Release|Any CPU
		{8E368221-DF4B-4ADC-8A83-5D8CB50BF2FF}.Debug|Any CPU.ActiveCfg = Debug|Any CPU
		{8E368221-DF4B-4ADC-8A83-5D8CB50BF2FF}.Debug|Any CPU.Build.0 = Debug|Any CPU
		{8E368221-DF4B-4ADC-8A83-5D8CB50BF2FF}.Release|Any CPU.ActiveCfg = Release|Any CPU
		{8E368221-DF4B-4ADC-8A83-5D8CB50BF2FF}.Release|Any CPU.Build.0 = Release|Any CPU
		{18EB8A35-C98B-4F75-897D-23CFB027F1A5}.Debug|Any CPU.ActiveCfg = Debug|Any CPU
		{18EB8A35-C98B-4F75-897D-23CFB027F1A5}.Debug|Any CPU.Build.0 = Debug|Any CPU
		{18EB8A35-C98B-4F75-897D-23CFB027F1A5}.Release|Any CPU.ActiveCfg = Release|Any CPU
		{18EB8A35-C98B-4F75-897D-23CFB027F1A5}.Release|Any CPU.Build.0 = Release|Any CPU
	EndGlobalSection
	GlobalSection(SolutionProperties) = preSolution
		HideSolutionNode = FALSE
	EndGlobalSection
	GlobalSection(NestedProjects) = preSolution
		{EB2E90D6-CC63-4BCA-B5EA-5C0AD52962D8} = {5F981CDE-3B04-41AB-8242-ECE6E19B0463}
		{E01E7EBC-E6CE-4471-A413-4E908531D069} = {3C5861CC-78A1-4003-A201-DAC7D7AF4DAA}
		{93F842F4-44AC-4404-9634-D2145AF4DBE5} = {9385DD12-9C4B-4999-8EC2-0306594BBB4D}
		{8E368221-DF4B-4ADC-8A83-5D8CB50BF2FF} = {797A2D07-A098-44F0-A49B-844FA218955B}
		{18EB8A35-C98B-4F75-897D-23CFB027F1A5} = {797A2D07-A098-44F0-A49B-844FA218955B}
	EndGlobalSection
	GlobalSection(ExtensibilityGlobals) = postSolution
		SolutionGuid = {81B3B617-4E3D-402C-949B-E3B596A39A3F}
	EndGlobalSection
EndGlobal
